
Microsoft Visual Studio Solution File, Format Version 12.00
# Visual Studio Version 17
VisualStudioVersion = 17.0.32112.339
MinimumVisualStudioVersion = 10.0.40219.1
Project("{9A19103F-16F7-4668-BE54-9A1E7A4F7556}") = "cu.ApiBasics.Lesvoorbeeld.Avond.Api", "cu.ApiBasics.Lesvoorbeeld.Avond.Api\cu.ApiBasics.Lesvoorbeeld.Avond.Api.csproj", "{2729C6AE-23BB-496E-99A3-6C395832398F}"
EndProject
Project("{9A19103F-16F7-4668-BE54-9A1E7A4F7556}") = "cu.ApiBAsics.Lesvoorbeeld.Avond.Core", "cu.ApiBAsics.Lesvoorbeeld.Avond.Core\cu.ApiBAsics.Lesvoorbeeld.Avond.Core.csproj", "{05973BFD-3D8F-48DC-BC67-21E202C34DCE}"
EndProject
Project("{9A19103F-16F7-4668-BE54-9A1E7A4F7556}") = "cu.ApiBasics.Lesvoorbeeld.Avond.Infrastructure", "cu.ApiBasics.Lesvoorbeeld.Avond.Infrastructure\cu.ApiBasics.Lesvoorbeeld.Avond.Infrastructure.csproj", "{2FEA7906-778B-4BD9-9CFA-997ED4FB2B24}"
EndProject
Global
	GlobalSection(SolutionConfigurationPlatforms) = preSolution
		Debug|Any CPU = Debug|Any CPU
		Release|Any CPU = Release|Any CPU
	EndGlobalSection
	GlobalSection(ProjectConfigurationPlatforms) = postSolution
		{2729C6AE-23BB-496E-99A3-6C395832398F}.Debug|Any CPU.ActiveCfg = Debug|Any CPU
		{2729C6AE-23BB-496E-99A3-6C395832398F}.Debug|Any CPU.Build.0 = Debug|Any CPU
		{2729C6AE-23BB-496E-99A3-6C395832398F}.Release|Any CPU.ActiveCfg = Release|Any CPU
		{2729C6AE-23BB-496E-99A3-6C395832398F}.Release|Any CPU.Build.0 = Release|Any CPU
		{05973BFD-3D8F-48DC-BC67-21E202C34DCE}.Debug|Any CPU.ActiveCfg = Debug|Any CPU
		{05973BFD-3D8F-48DC-BC67-21E202C34DCE}.Debug|Any CPU.Build.0 = Debug|Any CPU
		{05973BFD-3D8F-48DC-BC67-21E202C34DCE}.Release|Any CPU.ActiveCfg = Release|Any CPU
		{05973BFD-3D8F-48DC-BC67-21E202C34DCE}.Release|Any CPU.Build.0 = Release|Any CPU
		{2FEA7906-778B-4BD9-9CFA-997ED4FB2B24}.Debug|Any CPU.ActiveCfg = Debug|Any CPU
		{2FEA7906-778B-4BD9-9CFA-997ED4FB2B24}.Debug|Any CPU.Build.0 = Debug|Any CPU
		{2FEA7906-778B-4BD9-9CFA-997ED4FB2B24}.Release|Any CPU.ActiveCfg = Release|Any CPU
		{2FEA7906-778B-4BD9-9CFA-997ED4FB2B24}.Release|Any CPU.Build.0 = Release|Any CPU
	EndGlobalSection
	GlobalSection(SolutionProperties) = preSolution
		HideSolutionNode = FALSE
	EndGlobalSection
	GlobalSection(ExtensibilityGlobals) = postSolution
		SolutionGuid = {2C34E93D-09B7-48FC-9910-08EC108E084A}
	EndGlobalSection
EndGlobal
